
Microsoft Visual Studio Solution File, Format Version 12.00
# Visual Studio Version 17
VisualStudioVersion = 17.10.35122.118
MinimumVisualStudioVersion = 10.0.40219.1
Project("{FAE04EC0-301F-11D3-BF4B-00C04F79EFBC}") = "Authentication", "Authentication\Authentication.csproj", "{2958CF83-6440-492A-9898-7693E8BB2F9E}"
EndProject
Global
	GlobalSection(SolutionConfigurationPlatforms) = preSolution
		Debug|Any CPU = Debug|Any CPU
		Release|Any CPU = Release|Any CPU
	EndGlobalSection
	GlobalSection(ProjectConfigurationPlatforms) = postSolution
		{2958CF83-6440-492A-9898-7693E8BB2F9E}.Debug|Any CPU.ActiveCfg = Debug|Any CPU
		{2958CF83-6440-492A-9898-7693E8BB2F9E}.Debug|Any CPU.Build.0 = Debug|Any CPU
		{2958CF83-6440-492A-9898-7693E8BB2F9E}.Release|Any CPU.ActiveCfg = Release|Any CPU
		{2958CF83-6440-492A-9898-7693E8BB2F9E}.Release|Any CPU.Build.0 = Release|Any CPU
	EndGlobalSection
	GlobalSection(SolutionProperties) = preSolution
		HideSolutionNode = FALSE
	EndGlobalSection
	GlobalSection(ExtensibilityGlobals) = postSolution
		SolutionGuid = {0B796039-6F3C-4BBA-8079-326EF45DF3FD}
	EndGlobalSection
EndGlobal
