
Microsoft Visual Studio Solution File, Format Version 12.00
# Visual Studio Version 17
VisualStudioVersion = 17.10.35122.118
MinimumVisualStudioVersion = 10.0.40219.1
Project("{9A19103F-16F7-4668-BE54-9A1E7A4F7556}") = "BlogPlatform", "BlogPlatform.csproj", "{43B640DE-A40D-4233-AA3B-035708D1B708}"
EndProject
Project("{FAE04EC0-301F-11D3-BF4B-00C04F79EFBC}") = "BlogPatformUnitTests", "..\BlogPatformUnitTests\BlogPatformUnitTests.csproj", "{EEF62982-BBF4-4EA7-82D0-22DDC962D5B7}"
EndProject
Global
	GlobalSection(SolutionConfigurationPlatforms) = preSolution
		Debug|Any CPU = Debug|Any CPU
		Release|Any CPU = Release|Any CPU
	EndGlobalSection
	GlobalSection(ProjectConfigurationPlatforms) = postSolution
		{43B640DE-A40D-4233-AA3B-035708D1B708}.Debug|Any CPU.ActiveCfg = Debug|Any CPU
		{43B640DE-A40D-4233-AA3B-035708D1B708}.Debug|Any CPU.Build.0 = Debug|Any CPU
		{43B640DE-A40D-4233-AA3B-035708D1B708}.Release|Any CPU.ActiveCfg = Release|Any CPU
		{43B640DE-A40D-4233-AA3B-035708D1B708}.Release|Any CPU.Build.0 = Release|Any CPU
		{EEF62982-BBF4-4EA7-82D0-22DDC962D5B7}.Debug|Any CPU.ActiveCfg = Debug|Any CPU
		{EEF62982-BBF4-4EA7-82D0-22DDC962D5B7}.Debug|Any CPU.Build.0 = Debug|Any CPU
		{EEF62982-BBF4-4EA7-82D0-22DDC962D5B7}.Release|Any CPU.ActiveCfg = Release|Any CPU
		{EEF62982-BBF4-4EA7-82D0-22DDC962D5B7}.Release|Any CPU.Build.0 = Release|Any CPU
	EndGlobalSection
	GlobalSection(SolutionProperties) = preSolution
		HideSolutionNode = FALSE
	EndGlobalSection
	GlobalSection(ExtensibilityGlobals) = postSolution
		SolutionGuid = {FC7DF825-4DB0-4E09-A3AA-1F5A9ECD30F0}
	EndGlobalSection
EndGlobal
